// !$*UTF8*$!
{
	archiveVersion = 1;
	classes = {
	};
	objectVersion = 45;
	objects = {

/* Begin PBXBuildFile section */
		1D3623260D0F684500981E51 /* CocoaMeshAppDelegate.m in Sources */ = {isa = PBXBuildFile; fileRef = 1D3623250D0F684500981E51 /* CocoaMeshAppDelegate.m */; };
		1D60589B0D05DD56006BFB54 /* main.m in Sources */ = {isa = PBXBuildFile; fileRef = 29B97316FDCFA39411CA2CEA /* main.m */; };
		1D60589F0D05DD5A006BFB54 /* Foundation.framework in Frameworks */ = {isa = PBXBuildFile; fileRef = 1D30AB110D05D00D00671497 /* Foundation.framework */; };
		1DF5F4E00D08C38300B7A737 /* UIKit.framework in Frameworks */ = {isa = PBXBuildFile; fileRef = 1DF5F4DF0D08C38300B7A737 /* UIKit.framework */; };
		2892E4100DC94CBA00A64D0F /* CoreGraphics.framework in Frameworks */ = {isa = PBXBuildFile; fileRef = 2892E40F0DC94CBA00A64D0F /* CoreGraphics.framework */; };
		2899E5600DE3E45000AC0155 /* RootViewController.xib in Resources */ = {isa = PBXBuildFile; fileRef = 2899E55F0DE3E45000AC0155 /* RootViewController.xib */; };
		28AD73600D9D9599002E5188 /* MainWindow.xib in Resources */ = {isa = PBXBuildFile; fileRef = 28AD735F0D9D9599002E5188 /* MainWindow.xib */; };
		28C286E10D94DF7D0034E888 /* RootViewController.m in Sources */ = {isa = PBXBuildFile; fileRef = 28C286E00D94DF7D0034E888 /* RootViewController.m */; };
		6E425E2F0F9171D400CDB4D4 /* LOE.m in Sources */ = {isa = PBXBuildFile; fileRef = 6E425E2E0F9171D400CDB4D4 /* LOE.m */; };
		6E425E320F9171ED00CDB4D4 /* Contact.m in Sources */ = {isa = PBXBuildFile; fileRef = 6E425E310F9171ED00CDB4D4 /* Contact.m */; };
		6E425E430F91B79900CDB4D4 /* NSObject+SBJSON.m in Sources */ = {isa = PBXBuildFile; fileRef = 6E425E3C0F91B79900CDB4D4 /* NSObject+SBJSON.m */; };
		6E425E440F91B79900CDB4D4 /* NSString+SBJSON.m in Sources */ = {isa = PBXBuildFile; fileRef = 6E425E3D0F91B79900CDB4D4 /* NSString+SBJSON.m */; };
		6E425E450F91B79900CDB4D4 /* SBJSON.m in Sources */ = {isa = PBXBuildFile; fileRef = 6E425E3E0F91B79900CDB4D4 /* SBJSON.m */; };
		6E425E570F924EC000CDB4D4 /* NetworkConnector.m in Sources */ = {isa = PBXBuildFile; fileRef = 6E425E560F924EC000CDB4D4 /* NetworkConnector.m */; };
		6E425E5A0F924FE300CDB4D4 /* URLConstructor.m in Sources */ = {isa = PBXBuildFile; fileRef = 6E425E590F924FE300CDB4D4 /* URLConstructor.m */; };
		6E425E5D0F92501500CDB4D4 /* DataObjectConverter.m in Sources */ = {isa = PBXBuildFile; fileRef = 6E425E5C0F92501500CDB4D4 /* DataObjectConverter.m */; };
		6E425EEF0F9316A400CDB4D4 /* XMLParser.m in Sources */ = {isa = PBXBuildFile; fileRef = 6E425EEE0F9316A400CDB4D4 /* XMLParser.m */; };
		6E65C3860F9ED51300A0D81B /* MeshObjectFactory.m in Sources */ = {isa = PBXBuildFile; fileRef = 6E65C3850F9ED51300A0D81B /* MeshObjectFactory.m */; };
		6E65C6430FA18ED700A0D81B /* Resource.m in Sources */ = {isa = PBXBuildFile; fileRef = 6E65C6420FA18ED700A0D81B /* Resource.m */; };
		6E65C88D0FA4BEA300A0D81B /* MeshObject.m in Sources */ = {isa = PBXBuildFile; fileRef = 6E65C88C0FA4BEA300A0D81B /* MeshObject.m */; };
/* End PBXBuildFile section */

/* Begin PBXFileReference section */
		1D30AB110D05D00D00671497 /* Foundation.framework */ = {isa = PBXFileReference; lastKnownFileType = wrapper.framework; name = Foundation.framework; path = System/Library/Frameworks/Foundation.framework; sourceTree = SDKROOT; };
		1D3623240D0F684500981E51 /* CocoaMeshAppDelegate.h */ = {isa = PBXFileReference; fileEncoding = 4; lastKnownFileType = sourcecode.c.h; path = CocoaMeshAppDelegate.h; sourceTree = "<group>"; };
		1D3623250D0F684500981E51 /* CocoaMeshAppDelegate.m */ = {isa = PBXFileReference; fileEncoding = 4; lastKnownFileType = sourcecode.c.objc; path = CocoaMeshAppDelegate.m; sourceTree = "<group>"; };
		1D6058910D05DD3D006BFB54 /* CocoaMesh.app */ = {isa = PBXFileReference; explicitFileType = wrapper.application; includeInIndex = 0; path = CocoaMesh.app; sourceTree = BUILT_PRODUCTS_DIR; };
		1DF5F4DF0D08C38300B7A737 /* UIKit.framework */ = {isa = PBXFileReference; lastKnownFileType = wrapper.framework; name = UIKit.framework; path = System/Library/Frameworks/UIKit.framework; sourceTree = SDKROOT; };
		2892E40F0DC94CBA00A64D0F /* CoreGraphics.framework */ = {isa = PBXFileReference; lastKnownFileType = wrapper.framework; name = CoreGraphics.framework; path = System/Library/Frameworks/CoreGraphics.framework; sourceTree = SDKROOT; };
		2899E55F0DE3E45000AC0155 /* RootViewController.xib */ = {isa = PBXFileReference; lastKnownFileType = file.xib; path = RootViewController.xib; sourceTree = "<group>"; };
		28A0AAE50D9B0CCF005BE974 /* CocoaMesh_Prefix.pch */ = {isa = PBXFileReference; fileEncoding = 4; lastKnownFileType = sourcecode.c.h; path = CocoaMesh_Prefix.pch; sourceTree = "<group>"; };
		28AD735F0D9D9599002E5188 /* MainWindow.xib */ = {isa = PBXFileReference; lastKnownFileType = file.xib; path = MainWindow.xib; sourceTree = "<group>"; };
		28C286DF0D94DF7D0034E888 /* RootViewController.h */ = {isa = PBXFileReference; fileEncoding = 4; lastKnownFileType = sourcecode.c.h; path = RootViewController.h; sourceTree = "<group>"; };
		28C286E00D94DF7D0034E888 /* RootViewController.m */ = {isa = PBXFileReference; fileEncoding = 4; lastKnownFileType = sourcecode.c.objc; path = RootViewController.m; sourceTree = "<group>"; };
		29B97316FDCFA39411CA2CEA /* main.m */ = {isa = PBXFileReference; fileEncoding = 4; lastKnownFileType = sourcecode.c.objc; path = main.m; sourceTree = "<group>"; };
		6E425E1A0F912A3000CDB4D4 /* CocoaMesh.xcclassmodel */ = {isa = PBXFileReference; lastKnownFileType = wrapper.xcclassmodel; path = CocoaMesh.xcclassmodel; sourceTree = "<group>"; };
		6E425E2D0F9171D400CDB4D4 /* LOE.h */ = {isa = PBXFileReference; fileEncoding = 4; lastKnownFileType = sourcecode.c.h; path = LOE.h; sourceTree = "<group>"; };
		6E425E2E0F9171D400CDB4D4 /* LOE.m */ = {isa = PBXFileReference; fileEncoding = 4; lastKnownFileType = sourcecode.c.objc; path = LOE.m; sourceTree = "<group>"; };
		6E425E300F9171ED00CDB4D4 /* Contact.h */ = {isa = PBXFileReference; fileEncoding = 4; lastKnownFileType = sourcecode.c.h; path = Contact.h; sourceTree = "<group>"; };
		6E425E310F9171ED00CDB4D4 /* Contact.m */ = {isa = PBXFileReference; fileEncoding = 4; lastKnownFileType = sourcecode.c.objc; path = Contact.m; sourceTree = "<group>"; };
		6E425E3C0F91B79900CDB4D4 /* NSObject+SBJSON.m */ = {isa = PBXFileReference; fileEncoding = 4; lastKnownFileType = sourcecode.c.objc; path = "NSObject+SBJSON.m"; sourceTree = "<group>"; };
		6E425E3D0F91B79900CDB4D4 /* NSString+SBJSON.m */ = {isa = PBXFileReference; fileEncoding = 4; lastKnownFileType = sourcecode.c.objc; path = "NSString+SBJSON.m"; sourceTree = "<group>"; };
		6E425E3E0F91B79900CDB4D4 /* SBJSON.m */ = {isa = PBXFileReference; fileEncoding = 4; lastKnownFileType = sourcecode.c.objc; path = SBJSON.m; sourceTree = "<group>"; };
		6E425E3F0F91B79900CDB4D4 /* JSON.h */ = {isa = PBXFileReference; fileEncoding = 4; lastKnownFileType = sourcecode.c.h; path = JSON.h; sourceTree = "<group>"; };
		6E425E400F91B79900CDB4D4 /* NSObject+SBJSON.h */ = {isa = PBXFileReference; fileEncoding = 4; lastKnownFileType = sourcecode.c.h; path = "NSObject+SBJSON.h"; sourceTree = "<group>"; };
		6E425E410F91B79900CDB4D4 /* NSString+SBJSON.h */ = {isa = PBXFileReference; fileEncoding = 4; lastKnownFileType = sourcecode.c.h; path = "NSString+SBJSON.h"; sourceTree = "<group>"; };
		6E425E420F91B79900CDB4D4 /* SBJSON.h */ = {isa = PBXFileReference; fileEncoding = 4; lastKnownFileType = sourcecode.c.h; path = SBJSON.h; sourceTree = "<group>"; };
		6E425E460F91B7C200CDB4D4 /* WebTestConstants.h */ = {isa = PBXFileReference; fileEncoding = 4; lastKnownFileType = sourcecode.c.h; path = WebTestConstants.h; sourceTree = "<group>"; };
		6E425E550F924EC000CDB4D4 /* NetworkConnector.h */ = {isa = PBXFileReference; fileEncoding = 4; lastKnownFileType = sourcecode.c.h; path = NetworkConnector.h; sourceTree = "<group>"; };
		6E425E560F924EC000CDB4D4 /* NetworkConnector.m */ = {isa = PBXFileReference; fileEncoding = 4; lastKnownFileType = sourcecode.c.objc; path = NetworkConnector.m; sourceTree = "<group>"; };
		6E425E580F924FE300CDB4D4 /* URLConstructor.h */ = {isa = PBXFileReference; fileEncoding = 4; lastKnownFileType = sourcecode.c.h; path = URLConstructor.h; sourceTree = "<group>"; };
		6E425E590F924FE300CDB4D4 /* URLConstructor.m */ = {isa = PBXFileReference; fileEncoding = 4; lastKnownFileType = sourcecode.c.objc; path = URLConstructor.m; sourceTree = "<group>"; };
		6E425E5B0F92501500CDB4D4 /* DataObjectConverter.h */ = {isa = PBXFileReference; fileEncoding = 4; lastKnownFileType = sourcecode.c.h; path = DataObjectConverter.h; sourceTree = "<group>"; };
		6E425E5C0F92501500CDB4D4 /* DataObjectConverter.m */ = {isa = PBXFileReference; fileEncoding = 4; lastKnownFileType = sourcecode.c.objc; path = DataObjectConverter.m; sourceTree = "<group>"; };
		6E425E5E0F92816400CDB4D4 /* CocoaMesh.h */ = {isa = PBXFileReference; fileEncoding = 4; lastKnownFileType = sourcecode.c.h; path = CocoaMesh.h; sourceTree = "<group>"; };
		6E425EED0F9316A400CDB4D4 /* XMLParser.h */ = {isa = PBXFileReference; fileEncoding = 4; lastKnownFileType = sourcecode.c.h; path = XMLParser.h; sourceTree = "<group>"; };
		6E425EEE0F9316A400CDB4D4 /* XMLParser.m */ = {isa = PBXFileReference; fileEncoding = 4; lastKnownFileType = sourcecode.c.objc; path = XMLParser.m; sourceTree = "<group>"; };
		6E65C3840F9ED51300A0D81B /* MeshObjectFactory.h */ = {isa = PBXFileReference; fileEncoding = 4; lastKnownFileType = sourcecode.c.h; path = MeshObjectFactory.h; sourceTree = "<group>"; };
		6E65C3850F9ED51300A0D81B /* MeshObjectFactory.m */ = {isa = PBXFileReference; fileEncoding = 4; lastKnownFileType = sourcecode.c.objc; path = MeshObjectFactory.m; sourceTree = "<group>"; };
		6E65C6410FA18ED700A0D81B /* Resource.h */ = {isa = PBXFileReference; fileEncoding = 4; lastKnownFileType = sourcecode.c.h; path = Resource.h; sourceTree = "<group>"; };
		6E65C6420FA18ED700A0D81B /* Resource.m */ = {isa = PBXFileReference; fileEncoding = 4; lastKnownFileType = sourcecode.c.objc; path = Resource.m; sourceTree = "<group>"; };
		6E65C88B0FA4BEA300A0D81B /* MeshObject.h */ = {isa = PBXFileReference; fileEncoding = 4; lastKnownFileType = sourcecode.c.h; path = MeshObject.h; sourceTree = "<group>"; };
		6E65C88C0FA4BEA300A0D81B /* MeshObject.m */ = {isa = PBXFileReference; fileEncoding = 4; lastKnownFileType = sourcecode.c.objc; path = MeshObject.m; sourceTree = "<group>"; };
		6E65C8B60FA4C3C400A0D81B /* StringToURLMappings.h */ = {isa = PBXFileReference; fileEncoding = 4; lastKnownFileType = sourcecode.c.h; path = StringToURLMappings.h; sourceTree = "<group>"; };
		8D1107310486CEB800E47090 /* Info.plist */ = {isa = PBXFileReference; fileEncoding = 4; lastKnownFileType = text.plist.xml; path = Info.plist; sourceTree = "<group>"; };
/* End PBXFileReference section */

/* Begin PBXFrameworksBuildPhase section */
		1D60588F0D05DD3D006BFB54 /* Frameworks */ = {
			isa = PBXFrameworksBuildPhase;
			buildActionMask = 2147483647;
			files = (
				1D60589F0D05DD5A006BFB54 /* Foundation.framework in Frameworks */,
				1DF5F4E00D08C38300B7A737 /* UIKit.framework in Frameworks */,
				2892E4100DC94CBA00A64D0F /* CoreGraphics.framework in Frameworks */,
			);
			runOnlyForDeploymentPostprocessing = 0;
		};
/* End PBXFrameworksBuildPhase section */

/* Begin PBXGroup section */
		080E96DDFE201D6D7F000001 /* Classes */ = {
			isa = PBXGroup;
			children = (
				6E65C8B50FA4C37600A0D81B /* HeaderFiles */,
				6E65C8A60FA4BF1700A0D81B /* Authentication */,
				6E425E3B0F91B79900CDB4D4 /* JSONFramework */,
				6E65C8870FA4BE1700A0D81B /* AppClasses */,
				6E65C7E40FA4BBF100A0D81B /* LOEHelpers */,
				6E65C7E30FA4BBC300A0D81B /* LOEObjects */,
				1D3623240D0F684500981E51 /* CocoaMeshAppDelegate.h */,
				1D3623250D0F684500981E51 /* CocoaMeshAppDelegate.m */,
				6E425E2D0F9171D400CDB4D4 /* LOE.h */,
				6E425E2E0F9171D400CDB4D4 /* LOE.m */,
			);
			path = Classes;
			sourceTree = "<group>";
		};
		19C28FACFE9D520D11CA2CBB /* Products */ = {
			isa = PBXGroup;
			children = (
				1D6058910D05DD3D006BFB54 /* CocoaMesh.app */,
			);
			name = Products;
			sourceTree = "<group>";
		};
		29B97314FDCFA39411CA2CEA /* CustomTemplate */ = {
			isa = PBXGroup;
			children = (
				6E425E1A0F912A3000CDB4D4 /* CocoaMesh.xcclassmodel */,
				080E96DDFE201D6D7F000001 /* Classes */,
				29B97315FDCFA39411CA2CEA /* Other Sources */,
				29B97317FDCFA39411CA2CEA /* Resources */,
				29B97323FDCFA39411CA2CEA /* Frameworks */,
				19C28FACFE9D520D11CA2CBB /* Products */,
			);
			name = CustomTemplate;
			sourceTree = "<group>";
		};
		29B97315FDCFA39411CA2CEA /* Other Sources */ = {
			isa = PBXGroup;
			children = (
				28A0AAE50D9B0CCF005BE974 /* CocoaMesh_Prefix.pch */,
				29B97316FDCFA39411CA2CEA /* main.m */,
			);
			name = "Other Sources";
			sourceTree = "<group>";
		};
		29B97317FDCFA39411CA2CEA /* Resources */ = {
			isa = PBXGroup;
			children = (
				2899E55F0DE3E45000AC0155 /* RootViewController.xib */,
				28AD735F0D9D9599002E5188 /* MainWindow.xib */,
				8D1107310486CEB800E47090 /* Info.plist */,
			);
			name = Resources;
			sourceTree = "<group>";
		};
		29B97323FDCFA39411CA2CEA /* Frameworks */ = {
			isa = PBXGroup;
			children = (
				1DF5F4DF0D08C38300B7A737 /* UIKit.framework */,
				1D30AB110D05D00D00671497 /* Foundation.framework */,
				2892E40F0DC94CBA00A64D0F /* CoreGraphics.framework */,
			);
			name = Frameworks;
			sourceTree = "<group>";
		};
		6E425E3B0F91B79900CDB4D4 /* JSONFramework */ = {
			isa = PBXGroup;
			children = (
				6E425E3C0F91B79900CDB4D4 /* NSObject+SBJSON.m */,
				6E425E3D0F91B79900CDB4D4 /* NSString+SBJSON.m */,
				6E425E3E0F91B79900CDB4D4 /* SBJSON.m */,
				6E425E3F0F91B79900CDB4D4 /* JSON.h */,
				6E425E400F91B79900CDB4D4 /* NSObject+SBJSON.h */,
				6E425E410F91B79900CDB4D4 /* NSString+SBJSON.h */,
				6E425E420F91B79900CDB4D4 /* SBJSON.h */,
			);
			name = JSONFramework;
			sourceTree = "<group>";
		};
		6E65C7E30FA4BBC300A0D81B /* LOEObjects */ = {
			isa = PBXGroup;
			children = (
				6E65C6410FA18ED700A0D81B /* Resource.h */,
				6E65C6420FA18ED700A0D81B /* Resource.m */,
				6E425E300F9171ED00CDB4D4 /* Contact.h */,
				6E425E310F9171ED00CDB4D4 /* Contact.m */,
				6E65C88B0FA4BEA300A0D81B /* MeshObject.h */,
				6E65C88C0FA4BEA300A0D81B /* MeshObject.m */,
			);
			name = LOEObjects;
			sourceTree = "<group>";
		};
		6E65C7E40FA4BBF100A0D81B /* LOEHelpers */ = {
			isa = PBXGroup;
			children = (
				6E425E580F924FE300CDB4D4 /* URLConstructor.h */,
				6E425E590F924FE300CDB4D4 /* URLConstructor.m */,
				6E425E550F924EC000CDB4D4 /* NetworkConnector.h */,
				6E425E560F924EC000CDB4D4 /* NetworkConnector.m */,
				6E425E5B0F92501500CDB4D4 /* DataObjectConverter.h */,
				6E425E5C0F92501500CDB4D4 /* DataObjectConverter.m */,
				6E425EED0F9316A400CDB4D4 /* XMLParser.h */,
				6E425EEE0F9316A400CDB4D4 /* XMLParser.m */,
				6E65C3840F9ED51300A0D81B /* MeshObjectFactory.h */,
				6E65C3850F9ED51300A0D81B /* MeshObjectFactory.m */,
			);
			name = LOEHelpers;
			sourceTree = "<group>";
		};
		6E65C8870FA4BE1700A0D81B /* AppClasses */ = {
			isa = PBXGroup;
			children = (
				28C286DF0D94DF7D0034E888 /* RootViewController.h */,
				28C286E00D94DF7D0034E888 /* RootViewController.m */,
			);
			name = AppClasses;
			sourceTree = "<group>";
		};
		6E65C8A60FA4BF1700A0D81B /* Authentication */ = {
			isa = PBXGroup;
			children = (
			);
			name = Authentication;
			sourceTree = "<group>";
		};
		6E65C8B50FA4C37600A0D81B /* HeaderFiles */ = {
			isa = PBXGroup;
			children = (
				6E425E5E0F92816400CDB4D4 /* CocoaMesh.h */,
				6E425E460F91B7C200CDB4D4 /* WebTestConstants.h */,
				6E65C8B60FA4C3C400A0D81B /* StringToURLMappings.h */,
			);
			name = HeaderFiles;
			sourceTree = "<group>";
		};
/* End PBXGroup section */

/* Begin PBXNativeTarget section */
		1D6058900D05DD3D006BFB54 /* CocoaMesh */ = {
			isa = PBXNativeTarget;
			buildConfigurationList = 1D6058960D05DD3E006BFB54 /* Build configuration list for PBXNativeTarget "CocoaMesh" */;
			buildPhases = (
				1D60588D0D05DD3D006BFB54 /* Resources */,
				1D60588E0D05DD3D006BFB54 /* Sources */,
				1D60588F0D05DD3D006BFB54 /* Frameworks */,
			);
			buildRules = (
			);
			dependencies = (
			);
			name = CocoaMesh;
			productName = CocoaMesh;
			productReference = 1D6058910D05DD3D006BFB54 /* CocoaMesh.app */;
			productType = "com.apple.product-type.application";
		};
/* End PBXNativeTarget section */

/* Begin PBXProject section */
		29B97313FDCFA39411CA2CEA /* Project object */ = {
			isa = PBXProject;
			buildConfigurationList = C01FCF4E08A954540054247B /* Build configuration list for PBXProject "CocoaMesh" */;
			compatibilityVersion = "Xcode 3.1";
			hasScannedForEncodings = 1;
			knownRegions = (
				English,
				Japanese,
				French,
				German,
				en,
			);
			mainGroup = 29B97314FDCFA39411CA2CEA /* CustomTemplate */;
			projectDirPath = "";
			projectRoot = "";
			targets = (
				1D6058900D05DD3D006BFB54 /* CocoaMesh */,
			);
		};
/* End PBXProject section */

/* Begin PBXResourcesBuildPhase section */
		1D60588D0D05DD3D006BFB54 /* Resources */ = {
			isa = PBXResourcesBuildPhase;
			buildActionMask = 2147483647;
			files = (
				28AD73600D9D9599002E5188 /* MainWindow.xib in Resources */,
				2899E5600DE3E45000AC0155 /* RootViewController.xib in Resources */,
			);
			runOnlyForDeploymentPostprocessing = 0;
		};
/* End PBXResourcesBuildPhase section */

/* Begin PBXSourcesBuildPhase section */
		1D60588E0D05DD3D006BFB54 /* Sources */ = {
			isa = PBXSourcesBuildPhase;
			buildActionMask = 2147483647;
			files = (
				1D60589B0D05DD56006BFB54 /* main.m in Sources */,
				1D3623260D0F684500981E51 /* CocoaMeshAppDelegate.m in Sources */,
				28C286E10D94DF7D0034E888 /* RootViewController.m in Sources */,
				6E425E2F0F9171D400CDB4D4 /* LOE.m in Sources */,
				6E425E320F9171ED00CDB4D4 /* Contact.m in Sources */,
				6E425E430F91B79900CDB4D4 /* NSObject+SBJSON.m in Sources */,
				6E425E440F91B79900CDB4D4 /* NSString+SBJSON.m in Sources */,
				6E425E450F91B79900CDB4D4 /* SBJSON.m in Sources */,
				6E425E570F924EC000CDB4D4 /* NetworkConnector.m in Sources */,
				6E425E5A0F924FE300CDB4D4 /* URLConstructor.m in Sources */,
				6E425E5D0F92501500CDB4D4 /* DataObjectConverter.m in Sources */,
				6E425EEF0F9316A400CDB4D4 /* XMLParser.m in Sources */,
				6E65C3860F9ED51300A0D81B /* MeshObjectFactory.m in Sources */,
				6E65C6430FA18ED700A0D81B /* Resource.m in Sources */,
				6E65C88D0FA4BEA300A0D81B /* MeshObject.m in Sources */,
			);
			runOnlyForDeploymentPostprocessing = 0;
		};
/* End PBXSourcesBuildPhase section */

/* Begin XCBuildConfiguration section */
		1D6058940D05DD3E006BFB54 /* Debug */ = {
			isa = XCBuildConfiguration;
			buildSettings = {
				ALWAYS_SEARCH_USER_PATHS = NO;
				COPY_PHASE_STRIP = NO;
				GCC_DYNAMIC_NO_PIC = NO;
				GCC_OPTIMIZATION_LEVEL = 0;
				GCC_PRECOMPILE_PREFIX_HEADER = YES;
				GCC_PREFIX_HEADER = CocoaMesh_Prefix.pch;
				INFOPLIST_FILE = Info.plist;
				PRODUCT_NAME = CocoaMesh;
			};
			name = Debug;
		};
		1D6058950D05DD3E006BFB54 /* Release */ = {
			isa = XCBuildConfiguration;
			buildSettings = {
				ALWAYS_SEARCH_USER_PATHS = NO;
				COPY_PHASE_STRIP = YES;
				GCC_PRECOMPILE_PREFIX_HEADER = YES;
				GCC_PREFIX_HEADER = CocoaMesh_Prefix.pch;
				INFOPLIST_FILE = Info.plist;
				PRODUCT_NAME = CocoaMesh;
			};
			name = Release;
		};
		C01FCF4F08A954540054247B /* Debug */ = {
			isa = XCBuildConfiguration;
			buildSettings = {
				ARCHS = "$(ARCHS_STANDARD_32_BIT)";
				"CODE_SIGN_IDENTITY[sdk=iphoneos*]" = "iPhone Developer";
				GCC_C_LANGUAGE_STANDARD = c99;
				GCC_WARN_ABOUT_RETURN_TYPE = YES;
				GCC_WARN_UNUSED_VARIABLE = YES;
				ONLY_ACTIVE_ARCH = YES;
				PREBINDING = NO;
				SDKROOT = iphoneos2.2.1;
			};
			name = Debug;
		};
		C01FCF5008A954540054247B /* Release */ = {
			isa = XCBuildConfiguration;
			buildSettings = {
				ARCHS = "$(ARCHS_STANDARD_32_BIT)";
				"CODE_SIGN_IDENTITY[sdk=iphoneos*]" = "iPhone Developer";
				GCC_C_LANGUAGE_STANDARD = c99;
				GCC_WARN_ABOUT_RETURN_TYPE = YES;
				GCC_WARN_UNUSED_VARIABLE = YES;
				PREBINDING = NO;
				SDKROOT = iphoneos2.2.1;
			};
			name = Release;
		};
/* End XCBuildConfiguration section */

/* Begin XCConfigurationList section */
		1D6058960D05DD3E006BFB54 /* Build configuration list for PBXNativeTarget "CocoaMesh" */ = {
			isa = XCConfigurationList;
			buildConfigurations = (
				1D6058940D05DD3E006BFB54 /* Debug */,
				1D6058950D05DD3E006BFB54 /* Release */,
			);
			defaultConfigurationIsVisible = 0;
			defaultConfigurationName = Release;
		};
		C01FCF4E08A954540054247B /* Build configuration list for PBXProject "CocoaMesh" */ = {
			isa = XCConfigurationList;
			buildConfigurations = (
				C01FCF4F08A954540054247B /* Debug */,
				C01FCF5008A954540054247B /* Release */,
			);
			defaultConfigurationIsVisible = 0;
			defaultConfigurationName = Release;
		};
/* End XCConfigurationList section */
	};
	rootObject = 29B97313FDCFA39411CA2CEA /* Project object */;
}
